
Microsoft Visual Studio Solution File, Format Version 12.00
# Visual Studio Version 16
VisualStudioVersion = 16.0.32413.511
MinimumVisualStudioVersion = 10.0.40219.1
Project("{FAE04EC0-301F-11D3-BF4B-00C04F79EFBC}") = "Fazendo_ calculadora", "Fazendo_ calculadora\Fazendo_ calculadora.csproj", "{CC2E9827-F20E-4F13-BFB9-F226A6E37910}"
EndProject
Global
	GlobalSection(SolutionConfigurationPlatforms) = preSolution
		Debug|Any CPU = Debug|Any CPU
		Release|Any CPU = Release|Any CPU
	EndGlobalSection
	GlobalSection(ProjectConfigurationPlatforms) = postSolution
		{CC2E9827-F20E-4F13-BFB9-F226A6E37910}.Debug|Any CPU.ActiveCfg = Debug|Any CPU
		{CC2E9827-F20E-4F13-BFB9-F226A6E37910}.Debug|Any CPU.Build.0 = Debug|Any CPU
		{CC2E9827-F20E-4F13-BFB9-F226A6E37910}.Release|Any CPU.ActiveCfg = Release|Any CPU
		{CC2E9827-F20E-4F13-BFB9-F226A6E37910}.Release|Any CPU.Build.0 = Release|Any CPU
	EndGlobalSection
	GlobalSection(SolutionProperties) = preSolution
		HideSolutionNode = FALSE
	EndGlobalSection
	GlobalSection(ExtensibilityGlobals) = postSolution
		SolutionGuid = {145D3E1D-2D45-412C-924F-FF4FC884F11C}
	EndGlobalSection
EndGlobal
